# THIS IS AN AUTOGENERATED FILE. DO NOT EDIT THIS FILE DIRECTLY.
# yarn lockfile v1


assign-deep@^0.4.7:
  version "0.4.8"
  resolved "https://registry.yarnpkg.com/assign-deep/-/assign-deep-0.4.8.tgz#92089f55f7b55872b1828d9c51f860427f08bae6"
  integrity sha512-uxqXJCnNZDEjPnsaLKVzmh/ST5+Pqoz0wi06HDfHKx1ASNpSbbvz2qW2Gl8ZyHwr5jnm11X2S5eMQaP1lMZmCg==
  dependencies:
    assign-symbols "^0.1.1"
    is-primitive "^2.0.0"
    kind-of "^5.0.2"

assign-symbols@^0.1.1:
  version "0.1.1"
  resolved "https://registry.yarnpkg.com/assign-symbols/-/assign-symbols-0.1.1.tgz#cb025944ef4ec8a3693f086e9e112c74e3a0fed9"
  integrity sha1-ywJZRO9OyKNpPwhunhEsdOOg/tk=

clipboard@^1.7.1:
  version "1.7.1"
  resolved "https://registry.yarnpkg.com/clipboard/-/clipboard-1.7.1.tgz#360d6d6946e99a7a1fef395e42ba92b5e9b5a16b"
  integrity sha1-Ng1taUbpmnof7zleQrqStem1oWs=
  dependencies:
    good-listener "^1.2.2"
    select "^1.1.2"
    tiny-emitter "^2.0.0"

crypto-js@^3.1.9-1:
  version "3.1.9-1"
  resolved "https://registry.yarnpkg.com/crypto-js/-/crypto-js-3.1.9-1.tgz#fda19e761fc077e01ffbfdc6e9fdfc59e8806cd8"
  integrity sha1-/aGedh/Ad+Af+/3G6f38WeiAbNg=

d3-selection@^1.3.0:
  version "1.4.0"
  resolved "https://registry.yarnpkg.com/d3-selection/-/d3-selection-1.4.0.tgz#ab9ac1e664cf967ebf1b479cc07e28ce9908c474"
  integrity sha512-EYVwBxQGEjLCKF2pJ4+yrErskDnz5v403qvAid96cNdCMr8rmCYfY5RGzWz24mdIbxmDf6/4EAH+K9xperD5jg==

delegate@^3.1.2:
  version "3.2.0"
  resolved "https://registry.yarnpkg.com/delegate/-/delegate-3.2.0.tgz#b66b71c3158522e8ab5744f720d8ca0c2af59166"
  integrity sha512-IofjkYBZaZivn0V8nnsMJGBr4jVLxHDheKSW88PyxS5QC4Vo9ZbZVvhzlSxY87fVq3STR6r+4cGepyHkcWOQSw==

good-listener@^1.2.2:
  version "1.2.2"
  resolved "https://registry.yarnpkg.com/good-listener/-/good-listener-1.2.2.tgz#d53b30cdf9313dffb7dc9a0d477096aa6d145c50"
  integrity sha1-1TswzfkxPf+33JoNR3CWqm0UXFA=
  dependencies:
    delegate "^3.1.2"

is-primitive@^2.0.0:
  version "2.0.0"
  resolved "https://registry.yarnpkg.com/is-primitive/-/is-primitive-2.0.0.tgz#207bab91638499c07b2adf240a41a87210034575"
  integrity sha1-IHurkWOEmcB7Kt8kCkGochADRXU=

json-css@^1.5.6:
  version "1.5.6"
  resolved "https://registry.yarnpkg.com/json-css/-/json-css-1.5.6.tgz#eb964f834a2e4eaa1bc2f698ff5db007a26c7c00"
  integrity sha1-65ZPg0ouTqobwvaY/12wB6JsfAA=

kind-of@^5.0.2:
  version "5.1.0"
  resolved "https://registry.yarnpkg.com/kind-of/-/kind-of-5.1.0.tgz#729c91e2d857b7a419a1f9aa65685c4c33f5845d"
  integrity sha512-NGEErnH6F2vUuXDh+OlbcKW7/wOcfdRHaZ7VWtqCztfHri/++YKmP51OdWeGPuqCOba6kk2OTe5d02VmTB80Pw==

loglevel@^1.6.1:
  version "1.6.4"
  resolved "https://registry.yarnpkg.com/loglevel/-/loglevel-1.6.4.tgz#f408f4f006db8354d0577dcf6d33485b3cb90d56"
  integrity sha512-p0b6mOGKcGa+7nnmKbpzR6qloPbrgLcnio++E+14Vo/XffOGwZtRpUhr8dTH/x2oCMmEoIU0Zwm3ZauhvYD17g==

myscript@^4.3.0:
  version "4.3.0"
  resolved "https://registry.yarnpkg.com/myscript/-/myscript-4.3.0.tgz#606f77c9938519b8f728acdff4d1b2734fb38c2a"
  integrity sha512-NBxzNLYQjNcGNWw22BH/L7ar0HZWM6kUmAGmYXEVh4W8XVxTcP7fZaMUilDTD6P6qhHwohwO79rGLL5g/xgCxA==
  dependencies:
    assign-deep "^0.4.7"
    clipboard "^1.7.1"
    crypto-js "^3.1.9-1"
    d3-selection "^1.3.0"
    json-css "^1.5.6"
    loglevel "^1.6.1"
    perfect-scrollbar "^1.3.0"
    uuid-js "^0.7.5"

perfect-scrollbar@^1.3.0:
  version "1.4.0"
  resolved "https://registry.yarnpkg.com/perfect-scrollbar/-/perfect-scrollbar-1.4.0.tgz#5d014ef9775e1f43058a1dbae9ed1daf0e7091f1"
  integrity sha512-/2Sk/khljhdrsamjJYS5NjrH+GKEHEwh7zFSiYyxROyYKagkE4kSn2zDQDRTOMo8mpT2jikxx6yI1dG7lNP/hw==

select@^1.1.2:
  version "1.1.2"
  resolved "https://registry.yarnpkg.com/select/-/select-1.1.2.tgz#0e7350acdec80b1108528786ec1d4418d11b396d"
  integrity sha1-DnNQrN7ICxEIUoeG7B1EGNEbOW0=

tiny-emitter@^2.0.0:
  version "2.1.0"
  resolved "https://registry.yarnpkg.com/tiny-emitter/-/tiny-emitter-2.1.0.tgz#1d1a56edfc51c43e863cbb5382a72330e3555423"
  integrity sha512-NB6Dk1A9xgQPMoGqC5CVXn123gWyte215ONT5Pp5a0yt4nlEoO1ZWeCwpncaekPHXO60i47ihFnZPiRPjRMq4Q==

uuid-js@^0.7.5:
  version "0.7.5"
  resolved "https://registry.yarnpkg.com/uuid-js/-/uuid-js-0.7.5.tgz#6c886d02a53d2d40dcf25d91a170b4a7b25b94d0"
  integrity sha1-bIhtAqU9LUDc8l2RoXC0p7JblNA=
